
Microsoft Visual Studio Solution File, Format Version 12.00
# Visual Studio Version 16
VisualStudioVersion = 16.0.29920.165
MinimumVisualStudioVersion = 10.0.40219.1
Project("{FAE04EC0-301F-11D3-BF4B-00C04F79EFBC}") = "qldfuelanalyse", "qldfuelanalyse\qldfuelanalyse.csproj", "{B86B7419-2F2A-4179-BF54-5E1149818B29}"
EndProject
Global
	GlobalSection(SolutionConfigurationPlatforms) = preSolution
		Debug|Any CPU = Debug|Any CPU
		Release|Any CPU = Release|Any CPU
	EndGlobalSection
	GlobalSection(ProjectConfigurationPlatforms) = postSolution
		{B86B7419-2F2A-4179-BF54-5E1149818B29}.Debug|Any CPU.ActiveCfg = Debug|Any CPU
		{B86B7419-2F2A-4179-BF54-5E1149818B29}.Debug|Any CPU.Build.0 = Debug|Any CPU
		{B86B7419-2F2A-4179-BF54-5E1149818B29}.Release|Any CPU.ActiveCfg = Release|Any CPU
		{B86B7419-2F2A-4179-BF54-5E1149818B29}.Release|Any CPU.Build.0 = Release|Any CPU
	EndGlobalSection
	GlobalSection(SolutionProperties) = preSolution
		HideSolutionNode = FALSE
	EndGlobalSection
	GlobalSection(ExtensibilityGlobals) = postSolution
		SolutionGuid = {FC60368A-C646-4314-A203-823CDBF3F950}
	EndGlobalSection
EndGlobal
